
Microsoft Visual Studio Solution File, Format Version 12.00
# Visual Studio Version 16
VisualStudioVersion = 16.0.32002.261
MinimumVisualStudioVersion = 10.0.40219.1
Project("{FAE04EC0-301F-11D3-BF4B-00C04F79EFBC}") = "RefreshRateAndResolutionChanger", "RefreshRateAndResolutionChanger\RefreshRateAndResolutionChanger.csproj", "{62D2BD9B-E60D-4FDB-B8AA-1B2B53C830EE}"
EndProject
Global
	GlobalSection(SolutionConfigurationPlatforms) = preSolution
		Debug|Any CPU = Debug|Any CPU
		Release|Any CPU = Release|Any CPU
	EndGlobalSection
	GlobalSection(ProjectConfigurationPlatforms) = postSolution
		{62D2BD9B-E60D-4FDB-B8AA-1B2B53C830EE}.Debug|Any CPU.ActiveCfg = Debug|Any CPU
		{62D2BD9B-E60D-4FDB-B8AA-1B2B53C830EE}.Debug|Any CPU.Build.0 = Debug|Any CPU
		{62D2BD9B-E60D-4FDB-B8AA-1B2B53C830EE}.Release|Any CPU.ActiveCfg = Release|Any CPU
		{62D2BD9B-E60D-4FDB-B8AA-1B2B53C830EE}.Release|Any CPU.Build.0 = Release|Any CPU
	EndGlobalSection
	GlobalSection(SolutionProperties) = preSolution
		HideSolutionNode = FALSE
	EndGlobalSection
	GlobalSection(ExtensibilityGlobals) = postSolution
		SolutionGuid = {6CD6647F-D36F-4CF5-8CAD-4B2B07F39F2B}
	EndGlobalSection
EndGlobal
